
Microsoft Visual Studio Solution File, Format Version 12.00
# Visual Studio Version 16
VisualStudioVersion = 16.0.31729.503
MinimumVisualStudioVersion = 10.0.40219.1
Project("{FAE04EC0-301F-11D3-BF4B-00C04F79EFBC}") = "ObfuscatorAIO", "ObfuscatorAIO.csproj", "{1EC94CF6-1D4A-4AF5-9DAE-888F294F7622}"
EndProject
Global
	GlobalSection(SolutionConfigurationPlatforms) = preSolution
		Debug|Any CPU = Debug|Any CPU
		Release|Any CPU = Release|Any CPU
	EndGlobalSection
	GlobalSection(ProjectConfigurationPlatforms) = postSolution
		{1EC94CF6-1D4A-4AF5-9DAE-888F294F7622}.Debug|Any CPU.ActiveCfg = Debug|Any CPU
		{1EC94CF6-1D4A-4AF5-9DAE-888F294F7622}.Debug|Any CPU.Build.0 = Debug|Any CPU
		{1EC94CF6-1D4A-4AF5-9DAE-888F294F7622}.Release|Any CPU.ActiveCfg = Release|Any CPU
		{1EC94CF6-1D4A-4AF5-9DAE-888F294F7622}.Release|Any CPU.Build.0 = Release|Any CPU
	EndGlobalSection
	GlobalSection(SolutionProperties) = preSolution
		HideSolutionNode = FALSE
	EndGlobalSection
	GlobalSection(ExtensibilityGlobals) = postSolution
		SolutionGuid = {9D67717F-0437-491C-83D6-331E8EAD19D2}
	EndGlobalSection
EndGlobal
